{
    "_readme": [
        "This file locks the dependencies of your project to a known state",
        "Read more about it at https://getcomposer.org/doc/01-basic-usage.md#installing-dependencies",
        "This file is @generated automatically"
    ],
    "content-hash": "a9f7fba14c0f3de84a4bb9e45e51436d",
    "packages": [
        {
            "name": "jumbojett/openid-connect-php",
            "version": "v1.0.2",
            "source": {
                "type": "git",
                "url": "https://github.com/jumbojett/OpenID-Connect-PHP.git",
                "reference": "f327e7eb0626d55ddb6abc7b7c9e6ad3af4e5d51"
            },
            "dist": {
                "type": "zip",
                "url": "https://api.github.com/repos/jumbojett/OpenID-Connect-PHP/zipball/f327e7eb0626d55ddb6abc7b7c9e6ad3af4e5d51",
                "reference": "f327e7eb0626d55ddb6abc7b7c9e6ad3af4e5d51",
                "shasum": ""
            },
            "require": {
                "ext-curl": "*",
                "ext-json": "*",
                "php": ">=7.0",
                "phpseclib/phpseclib": "^3.0.7"
            },
            "require-dev": {
                "phpunit/phpunit": "<10",
                "roave/security-advisories": "dev-latest",
                "yoast/phpunit-polyfills": "^2.0"
            },
            "type": "library",
            "autoload": {
                "classmap": [
                    "src/"
                ]
            },
            "notification-url": "https://packagist.org/downloads/",
            "license": [
                "Apache-2.0"
            ],
            "description": "Bare-bones OpenID Connect client",
            "support": {
                "issues": "https://github.com/jumbojett/OpenID-Connect-PHP/issues",
                "source": "https://github.com/jumbojett/OpenID-Connect-PHP/tree/v1.0.2"
            },
            "time": "2024-09-13T07:08:11+00:00"
        },
        {
            "name": "paragonie/constant_time_encoding",
            "version": "v3.1.3",
            "source": {
                "type": "git",
                "url": "https://github.com/paragonie/constant_time_encoding.git",
                "reference": "d5b01a39b3415c2cd581d3bd3a3575c1ebbd8e77"
            },
            "dist": {
                "type": "zip",
                "url": "https://api.github.com/repos/paragonie/constant_time_encoding/zipball/d5b01a39b3415c2cd581d3bd3a3575c1ebbd8e77",
                "reference": "d5b01a39b3415c2cd581d3bd3a3575c1ebbd8e77",
                "shasum": ""
            },
            "require": {
                "php": "^8"
            },
            "require-dev": {
                "infection/infection": "^0",
                "nikic/php-fuzzer": "^0",
                "phpunit/phpunit": "^9|^10|^11",
                "vimeo/psalm": "^4|^5|^6"
            },
            "type": "library",
            "autoload": {
                "psr-4": {
                    "ParagonIE\\ConstantTime\\": "src/"
                }
            },
            "notification-url": "https://packagist.org/downloads/",
            "license": [
                "MIT"
            ],
            "authors": [
                {
                    "name": "Paragon Initiative Enterprises",
                    "email": "security@paragonie.com",
                    "homepage": "https://paragonie.com",
                    "role": "Maintainer"
                },
                {
                    "name": "Steve 'Sc00bz' Thomas",
                    "email": "steve@tobtu.com",
                    "homepage": "https://www.tobtu.com",
                    "role": "Original Developer"
                }
            ],
            "description": "Constant-time Implementations of RFC 4648 Encoding (Base-64, Base-32, Base-16)",
            "keywords": [
                "base16",
                "base32",
                "base32_decode",
                "base32_encode",
                "base64",
                "base64_decode",
                "base64_encode",
                "bin2hex",
                "encoding",
                "hex",
                "hex2bin",
                "rfc4648"
            ],
            "support": {
                "email": "info@paragonie.com",
                "issues": "https://github.com/paragonie/constant_time_encoding/issues",
                "source": "https://github.com/paragonie/constant_time_encoding"
            },
            "time": "2025-09-24T15:06:41+00:00"
        },
        {
            "name": "paragonie/random_compat",
            "version": "v9.99.100",
            "source": {
                "type": "git",
                "url": "https://github.com/paragonie/random_compat.git",
                "reference": "996434e5492cb4c3edcb9168db6fbb1359ef965a"
            },
            "dist": {
                "type": "zip",
                "url": "https://api.github.com/repos/paragonie/random_compat/zipball/996434e5492cb4c3edcb9168db6fbb1359ef965a",
                "reference": "996434e5492cb4c3edcb9168db6fbb1359ef965a",
                "shasum": ""
            },
            "require": {
                "php": ">= 7"
            },
            "require-dev": {
                "phpunit/phpunit": "4.*|5.*",
                "vimeo/psalm": "^1"
            },
            "suggest": {
                "ext-libsodium": "Provides a modern crypto API that can be used to generate random bytes."
            },
            "type": "library",
            "notification-url": "https://packagist.org/downloads/",
            "license": [
                "MIT"
            ],
            "authors": [
                {
                    "name": "Paragon Initiative Enterprises",
                    "email": "security@paragonie.com",
                    "homepage": "https://paragonie.com"
                }
            ],
            "description": "PHP 5.x polyfill for random_bytes() and random_int() from PHP 7",
            "keywords": [
                "csprng",
                "polyfill",
                "pseudorandom",
                "random"
            ],
            "support": {
                "email": "info@paragonie.com",
                "issues": "https://github.com/paragonie/random_compat/issues",
                "source": "https://github.com/paragonie/random_compat"
            },
            "time": "2020-10-15T08:29:30+00:00"
        },
        {
            "name": "phpseclib/phpseclib",
            "version": "3.0.47",
            "source": {
                "type": "git",
                "url": "https://github.com/phpseclib/phpseclib.git",
                "reference": "9d6ca36a6c2dd434765b1071b2644a1c683b385d"
            },
            "dist": {
                "type": "zip",
                "url": "https://api.github.com/repos/phpseclib/phpseclib/zipball/9d6ca36a6c2dd434765b1071b2644a1c683b385d",
                "reference": "9d6ca36a6c2dd434765b1071b2644a1c683b385d",
                "shasum": ""
            },
            "require": {
                "paragonie/constant_time_encoding": "^1|^2|^3",
                "paragonie/random_compat": "^1.4|^2.0|^9.99.99",
                "php": ">=5.6.1"
            },
            "require-dev": {
                "phpunit/phpunit": "*"
            },
            "suggest": {
                "ext-dom": "Install the DOM extension to load XML formatted public keys.",
                "ext-gmp": "Install the GMP (GNU Multiple Precision) extension in order to speed up arbitrary precision integer arithmetic operations.",
                "ext-libsodium": "SSH2/SFTP can make use of some algorithms provided by the libsodium-php extension.",
                "ext-mcrypt": "Install the Mcrypt extension in order to speed up a few other cryptographic operations.",
                "ext-openssl": "Install the OpenSSL extension in order to speed up a wide variety of cryptographic operations."
            },
            "type": "library",
            "autoload": {
                "files": [
                    "phpseclib/bootstrap.php"
                ],
                "psr-4": {
                    "phpseclib3\\": "phpseclib/"
                }
            },
            "notification-url": "https://packagist.org/downloads/",
            "license": [
                "MIT"
            ],
            "authors": [
                {
                    "name": "Jim Wigginton",
                    "email": "terrafrost@php.net",
                    "role": "Lead Developer"
                },
                {
                    "name": "Patrick Monnerat",
                    "email": "pm@datasphere.ch",
                    "role": "Developer"
                },
                {
                    "name": "Andreas Fischer",
                    "email": "bantu@phpbb.com",
                    "role": "Developer"
                },
                {
                    "name": "Hans-Jürgen Petrich",
                    "email": "petrich@tronic-media.com",
                    "role": "Developer"
                },
                {
                    "name": "Graham Campbell",
                    "email": "graham@alt-three.com",
                    "role": "Developer"
                }
            ],
            "description": "PHP Secure Communications Library - Pure-PHP implementations of RSA, AES, SSH2, SFTP, X.509 etc.",
            "homepage": "http://phpseclib.sourceforge.net",
            "keywords": [
                "BigInteger",
                "aes",
                "asn.1",
                "asn1",
                "blowfish",
                "crypto",
                "cryptography",
                "encryption",
                "rsa",
                "security",
                "sftp",
                "signature",
                "signing",
                "ssh",
                "twofish",
                "x.509",
                "x509"
            ],
            "support": {
                "issues": "https://github.com/phpseclib/phpseclib/issues",
                "source": "https://github.com/phpseclib/phpseclib/tree/3.0.47"
            },
            "funding": [
                {
                    "url": "https://github.com/terrafrost",
                    "type": "github"
                },
                {
                    "url": "https://www.patreon.com/phpseclib",
                    "type": "patreon"
                },
                {
                    "url": "https://tidelift.com/funding/github/packagist/phpseclib/phpseclib",
                    "type": "tidelift"
                }
            ],
            "time": "2025-10-06T01:07:24+00:00"
        }
    ],
    "packages-dev": [
        {
            "name": "lkrms/dice",
            "version": "v4.1.11",
            "source": {
                "type": "git",
                "url": "https://github.com/lkrms/Dice.git",
                "reference": "5d1fcf987fa039eca6a9e1d67a57b6a9ac59c476"
            },
            "dist": {
                "type": "zip",
                "url": "https://api.github.com/repos/lkrms/Dice/zipball/5d1fcf987fa039eca6a9e1d67a57b6a9ac59c476",
                "reference": "5d1fcf987fa039eca6a9e1d67a57b6a9ac59c476",
                "shasum": ""
            },
            "require": {
                "php": ">=7.0"
            },
            "require-dev": {
                "phpunit/phpunit": "^9"
            },
            "type": "library",
            "autoload": {
                "psr-4": {
                    "Dice\\": "src/"
                }
            },
            "notification-url": "https://packagist.org/downloads/",
            "license": [
                "BSD-2-Clause"
            ],
            "description": "A minimalist dependency injection container for PHP. Forked from level-2/dice.",
            "homepage": "https://github.com/lkrms/Dice",
            "keywords": [
                "container",
                "dependency injection",
                "di",
                "ioc"
            ],
            "support": {
                "source": "https://github.com/lkrms/Dice/tree/v4.1.11"
            },
            "time": "2025-03-05T07:30:02+00:00"
        },
        {
            "name": "lkrms/pretty-php",
            "version": "v0.4.94",
            "source": {
                "type": "git",
                "url": "https://github.com/lkrms/pretty-php.git",
                "reference": "2bf41b46224a03abf611ae640ae71ff1052be8e0"
            },
            "dist": {
                "type": "zip",
                "url": "https://api.github.com/repos/lkrms/pretty-php/zipball/2bf41b46224a03abf611ae640ae71ff1052be8e0",
                "reference": "2bf41b46224a03abf611ae640ae71ff1052be8e0",
                "shasum": ""
            },
            "require": {
                "composer-runtime-api": "^2.2",
                "ext-json": "*",
                "ext-mbstring": "*",
                "ext-tokenizer": "*",
                "php": ">=7.4",
                "salient/cli": "0.99.79",
                "salient/collections": "0.99.79",
                "salient/console": "0.99.79",
                "salient/contracts": "0.99.79",
                "salient/core": "0.99.79",
                "salient/phpdoc": "0.99.79",
                "salient/polyfills": "0.99.79",
                "salient/utils": "0.99.79",
                "sebastian/diff": "^4 || ^5"
            },
            "require-dev": {
                "ergebnis/composer-normalize": "^2",
                "nikic/php-parser": "^5",
                "phpstan/extension-installer": "^1",
                "phpstan/phpstan": "^2",
                "phpstan/phpstan-deprecation-rules": "^2",
                "phpstan/phpstan-phpunit": "^2",
                "phpunit/phpunit": "^9",
                "salient/phpstan": "0.99.79",
                "salient/sli": "0.99.79",
                "salient/testing": "0.99.79"
            },
            "bin": [
                "bin/pretty-php"
            ],
            "type": "library",
            "autoload": {
                "files": [
                    "bootstrap.php"
                ],
                "psr-4": {
                    "Lkrms\\PrettyPHP\\": "src/"
                }
            },
            "notification-url": "https://packagist.org/downloads/",
            "license": [
                "MIT"
            ],
            "authors": [
                {
                    "name": "Luke Arms",
                    "email": "luke@linacreative.com"
                }
            ],
            "description": "The opinionated PHP code formatter",
            "support": {
                "issues": "https://github.com/lkrms/pretty-php/issues",
                "source": "https://github.com/lkrms/pretty-php"
            },
            "funding": [
                {
                    "url": "https://github.com/lkrms",
                    "type": "github"
                }
            ],
            "time": "2025-05-23T04:41:41+00:00"
        },
        {
            "name": "psr/container",
            "version": "2.0.2",
            "source": {
                "type": "git",
                "url": "https://github.com/php-fig/container.git",
                "reference": "c71ecc56dfe541dbd90c5360474fbc405f8d5963"
            },
            "dist": {
                "type": "zip",
                "url": "https://api.github.com/repos/php-fig/container/zipball/c71ecc56dfe541dbd90c5360474fbc405f8d5963",
                "reference": "c71ecc56dfe541dbd90c5360474fbc405f8d5963",
                "shasum": ""
            },
            "require": {
                "php": ">=7.4.0"
            },
            "type": "library",
            "extra": {
                "branch-alias": {
                    "dev-master": "2.0.x-dev"
                }
            },
            "autoload": {
                "psr-4": {
                    "Psr\\Container\\": "src/"
                }
            },
            "notification-url": "https://packagist.org/downloads/",
            "license": [
                "MIT"
            ],
            "authors": [
                {
                    "name": "PHP-FIG",
                    "homepage": "https://www.php-fig.org/"
                }
            ],
            "description": "Common Container Interface (PHP FIG PSR-11)",
            "homepage": "https://github.com/php-fig/container",
            "keywords": [
                "PSR-11",
                "container",
                "container-interface",
                "container-interop",
                "psr"
            ],
            "support": {
                "issues": "https://github.com/php-fig/container/issues",
                "source": "https://github.com/php-fig/container/tree/2.0.2"
            },
            "time": "2021-11-05T16:47:00+00:00"
        },
        {
            "name": "psr/event-dispatcher",
            "version": "1.0.0",
            "source": {
                "type": "git",
                "url": "https://github.com/php-fig/event-dispatcher.git",
                "reference": "dbefd12671e8a14ec7f180cab83036ed26714bb0"
            },
            "dist": {
                "type": "zip",
                "url": "https://api.github.com/repos/php-fig/event-dispatcher/zipball/dbefd12671e8a14ec7f180cab83036ed26714bb0",
                "reference": "dbefd12671e8a14ec7f180cab83036ed26714bb0",
                "shasum": ""
            },
            "require": {
                "php": ">=7.2.0"
            },
            "type": "library",
            "extra": {
                "branch-alias": {
                    "dev-master": "1.0.x-dev"
                }
            },
            "autoload": {
                "psr-4": {
                    "Psr\\EventDispatcher\\": "src/"
                }
            },
            "notification-url": "https://packagist.org/downloads/",
            "license": [
                "MIT"
            ],
            "authors": [
                {
                    "name": "PHP-FIG",
                    "homepage": "http://www.php-fig.org/"
                }
            ],
            "description": "Standard interfaces for event handling.",
            "keywords": [
                "events",
                "psr",
                "psr-14"
            ],
            "support": {
                "issues": "https://github.com/php-fig/event-dispatcher/issues",
                "source": "https://github.com/php-fig/event-dispatcher/tree/1.0.0"
            },
            "time": "2019-01-08T18:20:26+00:00"
        },
        {
            "name": "psr/http-client",
            "version": "1.0.3",
            "source": {
                "type": "git",
                "url": "https://github.com/php-fig/http-client.git",
                "reference": "bb5906edc1c324c9a05aa0873d40117941e5fa90"
            },
            "dist": {
                "type": "zip",
                "url": "https://api.github.com/repos/php-fig/http-client/zipball/bb5906edc1c324c9a05aa0873d40117941e5fa90",
                "reference": "bb5906edc1c324c9a05aa0873d40117941e5fa90",
                "shasum": ""
            },
            "require": {
                "php": "^7.0 || ^8.0",
                "psr/http-message": "^1.0 || ^2.0"
            },
            "type": "library",
            "extra": {
                "branch-alias": {
                    "dev-master": "1.0.x-dev"
                }
            },
            "autoload": {
                "psr-4": {
                    "Psr\\Http\\Client\\": "src/"
                }
            },
            "notification-url": "https://packagist.org/downloads/",
            "license": [
                "MIT"
            ],
            "authors": [
                {
                    "name": "PHP-FIG",
                    "homepage": "https://www.php-fig.org/"
                }
            ],
            "description": "Common interface for HTTP clients",
            "homepage": "https://github.com/php-fig/http-client",
            "keywords": [
                "http",
                "http-client",
                "psr",
                "psr-18"
            ],
            "support": {
                "source": "https://github.com/php-fig/http-client"
            },
            "time": "2023-09-23T14:17:50+00:00"
        },
        {
            "name": "psr/http-message",
            "version": "2.0",
            "source": {
                "type": "git",
                "url": "https://github.com/php-fig/http-message.git",
                "reference": "402d35bcb92c70c026d1a6a9883f06b2ead23d71"
            },
            "dist": {
                "type": "zip",
                "url": "https://api.github.com/repos/php-fig/http-message/zipball/402d35bcb92c70c026d1a6a9883f06b2ead23d71",
                "reference": "402d35bcb92c70c026d1a6a9883f06b2ead23d71",
                "shasum": ""
            },
            "require": {
                "php": "^7.2 || ^8.0"
            },
            "type": "library",
            "extra": {
                "branch-alias": {
                    "dev-master": "2.0.x-dev"
                }
            },
            "autoload": {
                "psr-4": {
                    "Psr\\Http\\Message\\": "src/"
                }
            },
            "notification-url": "https://packagist.org/downloads/",
            "license": [
                "MIT"
            ],
            "authors": [
                {
                    "name": "PHP-FIG",
                    "homepage": "https://www.php-fig.org/"
                }
            ],
            "description": "Common interface for HTTP messages",
            "homepage": "https://github.com/php-fig/http-message",
            "keywords": [
                "http",
                "http-message",
                "psr",
                "psr-7",
                "request",
                "response"
            ],
            "support": {
                "source": "https://github.com/php-fig/http-message/tree/2.0"
            },
            "time": "2023-04-04T09:54:51+00:00"
        },
        {
            "name": "psr/log",
            "version": "1.1.4",
            "source": {
                "type": "git",
                "url": "https://github.com/php-fig/log.git",
                "reference": "d49695b909c3b7628b6289db5479a1c204601f11"
            },
            "dist": {
                "type": "zip",
                "url": "https://api.github.com/repos/php-fig/log/zipball/d49695b909c3b7628b6289db5479a1c204601f11",
                "reference": "d49695b909c3b7628b6289db5479a1c204601f11",
                "shasum": ""
            },
            "require": {
                "php": ">=5.3.0"
            },
            "type": "library",
            "extra": {
                "branch-alias": {
                    "dev-master": "1.1.x-dev"
                }
            },
            "autoload": {
                "psr-4": {
                    "Psr\\Log\\": "Psr/Log/"
                }
            },
            "notification-url": "https://packagist.org/downloads/",
            "license": [
                "MIT"
            ],
            "authors": [
                {
                    "name": "PHP-FIG",
                    "homepage": "https://www.php-fig.org/"
                }
            ],
            "description": "Common interface for logging libraries",
            "homepage": "https://github.com/php-fig/log",
            "keywords": [
                "log",
                "psr",
                "psr-3"
            ],
            "support": {
                "source": "https://github.com/php-fig/log/tree/1.1.4"
            },
            "time": "2021-05-03T11:20:27+00:00"
        },
        {
            "name": "psr/simple-cache",
            "version": "2.0.0",
            "source": {
                "type": "git",
                "url": "https://github.com/php-fig/simple-cache.git",
                "reference": "8707bf3cea6f710bf6ef05491234e3ab06f6432a"
            },
            "dist": {
                "type": "zip",
                "url": "https://api.github.com/repos/php-fig/simple-cache/zipball/8707bf3cea6f710bf6ef05491234e3ab06f6432a",
                "reference": "8707bf3cea6f710bf6ef05491234e3ab06f6432a",
                "shasum": ""
            },
            "require": {
                "php": ">=8.0.0"
            },
            "type": "library",
            "extra": {
                "branch-alias": {
                    "dev-master": "2.0.x-dev"
                }
            },
            "autoload": {
                "psr-4": {
                    "Psr\\SimpleCache\\": "src/"
                }
            },
            "notification-url": "https://packagist.org/downloads/",
            "license": [
                "MIT"
            ],
            "authors": [
                {
                    "name": "PHP-FIG",
                    "homepage": "https://www.php-fig.org/"
                }
            ],
            "description": "Common interfaces for simple caching",
            "keywords": [
                "cache",
                "caching",
                "psr",
                "psr-16",
                "simple-cache"
            ],
            "support": {
                "source": "https://github.com/php-fig/simple-cache/tree/2.0.0"
            },
            "time": "2021-10-29T13:22:09+00:00"
        },
        {
            "name": "salient/cli",
            "version": "v0.99.79",
            "source": {
                "type": "git",
                "url": "https://github.com/salient-labs/toolkit-cli.git",
                "reference": "a38ea8fdbd4cfc608da6c5f8e057bcd9fb2403aa"
            },
            "dist": {
                "type": "zip",
                "url": "https://api.github.com/repos/salient-labs/toolkit-cli/zipball/a38ea8fdbd4cfc608da6c5f8e057bcd9fb2403aa",
                "reference": "a38ea8fdbd4cfc608da6c5f8e057bcd9fb2403aa",
                "shasum": ""
            },
            "require": {
                "php": ">=7.4",
                "salient/console": "self.version",
                "salient/container": "self.version",
                "salient/contracts": "self.version",
                "salient/core": "self.version",
                "salient/utils": "self.version"
            },
            "type": "library",
            "autoload": {
                "psr-4": {
                    "Salient\\Cli\\": ""
                }
            },
            "notification-url": "https://packagist.org/downloads/",
            "license": [
                "MIT"
            ],
            "authors": [
                {
                    "name": "Luke Arms",
                    "email": "luke@linacreative.com"
                }
            ],
            "description": "The CLI component of the Salient toolkit",
            "support": {
                "issues": "https://github.com/salient-labs/toolkit/issues",
                "source": "https://github.com/salient-labs/toolkit"
            },
            "time": "2025-03-28T01:12:24+00:00"
        },
        {
            "name": "salient/collections",
            "version": "v0.99.79",
            "source": {
                "type": "git",
                "url": "https://github.com/salient-labs/toolkit-collections.git",
                "reference": "726b778f3e7f6d4720bb14c02cf28a37f1e25450"
            },
            "dist": {
                "type": "zip",
                "url": "https://api.github.com/repos/salient-labs/toolkit-collections/zipball/726b778f3e7f6d4720bb14c02cf28a37f1e25450",
                "reference": "726b778f3e7f6d4720bb14c02cf28a37f1e25450",
                "shasum": ""
            },
            "require": {
                "php": ">=7.4",
                "salient/contracts": "self.version",
                "salient/utils": "self.version"
            },
            "type": "library",
            "autoload": {
                "psr-4": {
                    "Salient\\Collection\\": ""
                }
            },
            "notification-url": "https://packagist.org/downloads/",
            "license": [
                "MIT"
            ],
            "authors": [
                {
                    "name": "Luke Arms",
                    "email": "luke@linacreative.com"
                }
            ],
            "description": "The collections component of the Salient toolkit",
            "support": {
                "issues": "https://github.com/salient-labs/toolkit/issues",
                "source": "https://github.com/salient-labs/toolkit"
            },
            "time": "2025-02-27T21:43:57+00:00"
        },
        {
            "name": "salient/console",
            "version": "v0.99.79",
            "source": {
                "type": "git",
                "url": "https://github.com/salient-labs/toolkit-console.git",
                "reference": "7894651f4dbcb09ac4b2d247c02519666700abc7"
            },
            "dist": {
                "type": "zip",
                "url": "https://api.github.com/repos/salient-labs/toolkit-console/zipball/7894651f4dbcb09ac4b2d247c02519666700abc7",
                "reference": "7894651f4dbcb09ac4b2d247c02519666700abc7",
                "shasum": ""
            },
            "require": {
                "php": ">=7.4",
                "psr/log": "^1",
                "salient/contracts": "self.version",
                "salient/core": "self.version",
                "salient/utils": "self.version"
            },
            "provide": {
                "psr/log-implementation": "^1"
            },
            "suggest": {
                "analog/analog": "Required by AnalogTarget"
            },
            "type": "library",
            "autoload": {
                "psr-4": {
                    "Salient\\Console\\": ""
                }
            },
            "notification-url": "https://packagist.org/downloads/",
            "license": [
                "MIT"
            ],
            "authors": [
                {
                    "name": "Luke Arms",
                    "email": "luke@linacreative.com"
                }
            ],
            "description": "The console component of the Salient toolkit",
            "support": {
                "issues": "https://github.com/salient-labs/toolkit/issues",
                "source": "https://github.com/salient-labs/toolkit"
            },
            "time": "2025-03-28T01:12:24+00:00"
        },
        {
            "name": "salient/container",
            "version": "v0.99.79",
            "source": {
                "type": "git",
                "url": "https://github.com/salient-labs/toolkit-container.git",
                "reference": "4024d3c4039d88ecd69cae6723576f9b572dd577"
            },
            "dist": {
                "type": "zip",
                "url": "https://api.github.com/repos/salient-labs/toolkit-container/zipball/4024d3c4039d88ecd69cae6723576f9b572dd577",
                "reference": "4024d3c4039d88ecd69cae6723576f9b572dd577",
                "shasum": ""
            },
            "require": {
                "lkrms/dice": "^4.1.11",
                "php": ">=7.4",
                "psr/container": "^2",
                "salient/console": "self.version",
                "salient/contracts": "self.version",
                "salient/core": "self.version",
                "salient/utils": "self.version"
            },
            "provide": {
                "psr/container-implementation": "^2"
            },
            "suggest": {
                "salient/cache": "Required by Application::startCache()",
                "salient/curler": "Required by Application::exportHar()",
                "salient/sync": "Required by Application::startSync()"
            },
            "type": "library",
            "autoload": {
                "psr-4": {
                    "Salient\\Container\\": ""
                }
            },
            "notification-url": "https://packagist.org/downloads/",
            "license": [
                "MIT"
            ],
            "authors": [
                {
                    "name": "Luke Arms",
                    "email": "luke@linacreative.com"
                }
            ],
            "description": "The container component of the Salient toolkit",
            "support": {
                "issues": "https://github.com/salient-labs/toolkit/issues",
                "source": "https://github.com/salient-labs/toolkit"
            },
            "time": "2025-03-31T00:51:37+00:00"
        },
        {
            "name": "salient/contracts",
            "version": "v0.99.79",
            "source": {
                "type": "git",
                "url": "https://github.com/salient-labs/toolkit-contracts.git",
                "reference": "bbce772bcde728b8ae425227de4afdcb1fedec40"
            },
            "dist": {
                "type": "zip",
                "url": "https://api.github.com/repos/salient-labs/toolkit-contracts/zipball/bbce772bcde728b8ae425227de4afdcb1fedec40",
                "reference": "bbce772bcde728b8ae425227de4afdcb1fedec40",
                "shasum": ""
            },
            "require": {
                "php": ">=7.4",
                "psr/container": "^2",
                "psr/event-dispatcher": "^1",
                "psr/http-client": "^1",
                "psr/http-message": "^1.1 || ^2",
                "psr/log": "^1",
                "psr/simple-cache": "^1 || ^2"
            },
            "type": "library",
            "autoload": {
                "psr-4": {
                    "Salient\\Contract\\": ""
                },
                "classmap": [
                    "stubs/"
                ]
            },
            "notification-url": "https://packagist.org/downloads/",
            "license": [
                "MIT"
            ],
            "authors": [
                {
                    "name": "Luke Arms",
                    "email": "luke@linacreative.com"
                }
            ],
            "description": "The contracts component of the Salient toolkit",
            "support": {
                "issues": "https://github.com/salient-labs/toolkit/issues",
                "source": "https://github.com/salient-labs/toolkit"
            },
            "time": "2025-03-31T00:51:37+00:00"
        },
        {
            "name": "salient/core",
            "version": "v0.99.79",
            "source": {
                "type": "git",
                "url": "https://github.com/salient-labs/toolkit-core.git",
                "reference": "419f8546cc30a4e954b9d4c6df300de1511e3145"
            },
            "dist": {
                "type": "zip",
                "url": "https://api.github.com/repos/salient-labs/toolkit-core/zipball/419f8546cc30a4e954b9d4c6df300de1511e3145",
                "reference": "419f8546cc30a4e954b9d4c6df300de1511e3145",
                "shasum": ""
            },
            "require": {
                "php": ">=7.4",
                "psr/event-dispatcher": "^1",
                "salient/container": "self.version",
                "salient/contracts": "self.version",
                "salient/iterators": "self.version",
                "salient/utils": "self.version"
            },
            "provide": {
                "psr/event-dispatcher-implementation": "^1"
            },
            "suggest": {
                "ext-sqlite3": "Required by Store"
            },
            "type": "library",
            "autoload": {
                "psr-4": {
                    "Salient\\Core\\": ""
                }
            },
            "notification-url": "https://packagist.org/downloads/",
            "license": [
                "MIT"
            ],
            "authors": [
                {
                    "name": "Luke Arms",
                    "email": "luke@linacreative.com"
                }
            ],
            "description": "The core component of the Salient toolkit",
            "support": {
                "issues": "https://github.com/salient-labs/toolkit/issues",
                "source": "https://github.com/salient-labs/toolkit"
            },
            "time": "2025-03-30T02:21:16+00:00"
        },
        {
            "name": "salient/iterators",
            "version": "v0.99.79",
            "source": {
                "type": "git",
                "url": "https://github.com/salient-labs/toolkit-iterators.git",
                "reference": "d2288b4e92668e7e71baa7b5994b6b047aab9997"
            },
            "dist": {
                "type": "zip",
                "url": "https://api.github.com/repos/salient-labs/toolkit-iterators/zipball/d2288b4e92668e7e71baa7b5994b6b047aab9997",
                "reference": "d2288b4e92668e7e71baa7b5994b6b047aab9997",
                "shasum": ""
            },
            "require": {
                "php": ">=7.4",
                "salient/contracts": "self.version",
                "salient/utils": "self.version"
            },
            "type": "library",
            "autoload": {
                "psr-4": {
                    "Salient\\Iterator\\": ""
                }
            },
            "notification-url": "https://packagist.org/downloads/",
            "license": [
                "MIT"
            ],
            "authors": [
                {
                    "name": "Luke Arms",
                    "email": "luke@linacreative.com"
                }
            ],
            "description": "The iterators component of the Salient toolkit",
            "support": {
                "issues": "https://github.com/salient-labs/toolkit/issues",
                "source": "https://github.com/salient-labs/toolkit"
            },
            "time": "2025-02-26T02:48:47+00:00"
        },
        {
            "name": "salient/phpdoc",
            "version": "v0.99.79",
            "source": {
                "type": "git",
                "url": "https://github.com/salient-labs/toolkit-phpdoc.git",
                "reference": "25aea5894fb6f9b4c71a59cf0ad10ad70570aac6"
            },
            "dist": {
                "type": "zip",
                "url": "https://api.github.com/repos/salient-labs/toolkit-phpdoc/zipball/25aea5894fb6f9b4c71a59cf0ad10ad70570aac6",
                "reference": "25aea5894fb6f9b4c71a59cf0ad10ad70570aac6",
                "shasum": ""
            },
            "require": {
                "php": ">=7.4",
                "salient/contracts": "self.version",
                "salient/core": "self.version",
                "salient/utils": "self.version"
            },
            "type": "library",
            "autoload": {
                "psr-4": {
                    "Salient\\PHPDoc\\": ""
                }
            },
            "notification-url": "https://packagist.org/downloads/",
            "license": [
                "MIT"
            ],
            "authors": [
                {
                    "name": "Luke Arms",
                    "email": "luke@linacreative.com"
                }
            ],
            "description": "The PHPDoc component of the Salient toolkit",
            "support": {
                "issues": "https://github.com/salient-labs/toolkit/issues",
                "source": "https://github.com/salient-labs/toolkit"
            },
            "time": "2025-03-01T04:41:34+00:00"
        },
        {
            "name": "salient/polyfills",
            "version": "v0.99.79",
            "source": {
                "type": "git",
                "url": "https://github.com/salient-labs/toolkit-polyfills.git",
                "reference": "78e1627687cea37f4e42a4f0c61780b46295d10c"
            },
            "dist": {
                "type": "zip",
                "url": "https://api.github.com/repos/salient-labs/toolkit-polyfills/zipball/78e1627687cea37f4e42a4f0c61780b46295d10c",
                "reference": "78e1627687cea37f4e42a4f0c61780b46295d10c",
                "shasum": ""
            },
            "require": {
                "php": ">=7.4"
            },
            "type": "library",
            "autoload": {
                "files": [
                    "bootstrap.php"
                ],
                "psr-4": {
                    "Salient\\Polyfill\\": ""
                },
                "classmap": [
                    "stubs/"
                ]
            },
            "notification-url": "https://packagist.org/downloads/",
            "license": [
                "MIT"
            ],
            "authors": [
                {
                    "name": "Luke Arms",
                    "email": "luke@linacreative.com"
                }
            ],
            "description": "The polyfills component of the Salient toolkit",
            "support": {
                "issues": "https://github.com/salient-labs/toolkit/issues",
                "source": "https://github.com/salient-labs/toolkit"
            },
            "time": "2025-03-04T02:19:09+00:00"
        },
        {
            "name": "salient/utils",
            "version": "v0.99.79",
            "source": {
                "type": "git",
                "url": "https://github.com/salient-labs/toolkit-utils.git",
                "reference": "dc7cf4a47b4c350f78770e67b83b14b4ebf51fd5"
            },
            "dist": {
                "type": "zip",
                "url": "https://api.github.com/repos/salient-labs/toolkit-utils/zipball/dc7cf4a47b4c350f78770e67b83b14b4ebf51fd5",
                "reference": "dc7cf4a47b4c350f78770e67b83b14b4ebf51fd5",
                "shasum": ""
            },
            "require": {
                "composer-runtime-api": "^2.2",
                "php": ">=7.4"
            },
            "suggest": {
                "salient/iterators": "Required by File::find() and File::pruneDir()"
            },
            "type": "library",
            "autoload": {
                "psr-4": {
                    "Salient\\Utility\\": ""
                },
                "classmap": [
                    "stubs/"
                ]
            },
            "notification-url": "https://packagist.org/downloads/",
            "license": [
                "MIT"
            ],
            "authors": [
                {
                    "name": "Luke Arms",
                    "email": "luke@linacreative.com"
                }
            ],
            "description": "The utilities component of the Salient toolkit",
            "support": {
                "issues": "https://github.com/salient-labs/toolkit/issues",
                "source": "https://github.com/salient-labs/toolkit"
            },
            "time": "2025-03-01T04:41:34+00:00"
        },
        {
            "name": "sebastian/diff",
            "version": "5.1.1",
            "source": {
                "type": "git",
                "url": "https://github.com/sebastianbergmann/diff.git",
                "reference": "c41e007b4b62af48218231d6c2275e4c9b975b2e"
            },
            "dist": {
                "type": "zip",
                "url": "https://api.github.com/repos/sebastianbergmann/diff/zipball/c41e007b4b62af48218231d6c2275e4c9b975b2e",
                "reference": "c41e007b4b62af48218231d6c2275e4c9b975b2e",
                "shasum": ""
            },
            "require": {
                "php": ">=8.1"
            },
            "require-dev": {
                "phpunit/phpunit": "^10.0",
                "symfony/process": "^6.4"
            },
            "type": "library",
            "extra": {
                "branch-alias": {
                    "dev-main": "5.1-dev"
                }
            },
            "autoload": {
                "classmap": [
                    "src/"
                ]
            },
            "notification-url": "https://packagist.org/downloads/",
            "license": [
                "BSD-3-Clause"
            ],
            "authors": [
                {
                    "name": "Sebastian Bergmann",
                    "email": "sebastian@phpunit.de"
                },
                {
                    "name": "Kore Nordmann",
                    "email": "mail@kore-nordmann.de"
                }
            ],
            "description": "Diff implementation",
            "homepage": "https://github.com/sebastianbergmann/diff",
            "keywords": [
                "diff",
                "udiff",
                "unidiff",
                "unified diff"
            ],
            "support": {
                "issues": "https://github.com/sebastianbergmann/diff/issues",
                "security": "https://github.com/sebastianbergmann/diff/security/policy",
                "source": "https://github.com/sebastianbergmann/diff/tree/5.1.1"
            },
            "funding": [
                {
                    "url": "https://github.com/sebastianbergmann",
                    "type": "github"
                }
            ],
            "time": "2024-03-02T07:15:17+00:00"
        }
    ],
    "aliases": [],
    "minimum-stability": "stable",
    "stability-flags": {},
    "prefer-stable": true,
    "prefer-lowest": false,
    "platform": {
        "php": "^8.2"
    },
    "platform-dev": {},
    "plugin-api-version": "2.9.0"
}
